
Microsoft Visual Studio Solution File, Format Version 12.00
# Visual Studio Version 17
VisualStudioVersion = 17.5.33530.505
MinimumVisualStudioVersion = 10.0.40219.1
Project("{9A19103F-16F7-4668-BE54-9A1E7A4F7556}") = "Bar", "Bar\Bar.csproj", "{A0ADCC21-726A-4BCA-8C20-3BE8B35E2724}"
EndProject
Project("{9A19103F-16F7-4668-BE54-9A1E7A4F7556}") = "Entidades", "Entidades\Entidades.csproj", "{B30211D3-CC04-4251-A867-2FFF35CCA053}"
EndProject
Project("{9A19103F-16F7-4668-BE54-9A1E7A4F7556}") = "Test-Parcial", "Test-Parcial\Test-Parcial.csproj", "{762D6F6E-1F06-4302-9220-5DA54C415AF5}"
EndProject
Global
	GlobalSection(SolutionConfigurationPlatforms) = preSolution
		Debug|Any CPU = Debug|Any CPU
		Release|Any CPU = Release|Any CPU
	EndGlobalSection
	GlobalSection(ProjectConfigurationPlatforms) = postSolution
		{A0ADCC21-726A-4BCA-8C20-3BE8B35E2724}.Debug|Any CPU.ActiveCfg = Debug|Any CPU
		{A0ADCC21-726A-4BCA-8C20-3BE8B35E2724}.Debug|Any CPU.Build.0 = Debug|Any CPU
		{A0ADCC21-726A-4BCA-8C20-3BE8B35E2724}.Release|Any CPU.ActiveCfg = Release|Any CPU
		{A0ADCC21-726A-4BCA-8C20-3BE8B35E2724}.Release|Any CPU.Build.0 = Release|Any CPU
		{B30211D3-CC04-4251-A867-2FFF35CCA053}.Debug|Any CPU.ActiveCfg = Debug|Any CPU
		{B30211D3-CC04-4251-A867-2FFF35CCA053}.Debug|Any CPU.Build.0 = Debug|Any CPU
		{B30211D3-CC04-4251-A867-2FFF35CCA053}.Release|Any CPU.ActiveCfg = Release|Any CPU
		{B30211D3-CC04-4251-A867-2FFF35CCA053}.Release|Any CPU.Build.0 = Release|Any CPU
		{762D6F6E-1F06-4302-9220-5DA54C415AF5}.Debug|Any CPU.ActiveCfg = Debug|Any CPU
		{762D6F6E-1F06-4302-9220-5DA54C415AF5}.Debug|Any CPU.Build.0 = Debug|Any CPU
		{762D6F6E-1F06-4302-9220-5DA54C415AF5}.Release|Any CPU.ActiveCfg = Release|Any CPU
		{762D6F6E-1F06-4302-9220-5DA54C415AF5}.Release|Any CPU.Build.0 = Release|Any CPU
	EndGlobalSection
	GlobalSection(SolutionProperties) = preSolution
		HideSolutionNode = FALSE
	EndGlobalSection
	GlobalSection(ExtensibilityGlobals) = postSolution
		SolutionGuid = {F915993B-5DC8-4B88-AA38-B3C99845B1AC}
	EndGlobalSection
EndGlobal
